
Microsoft Visual Studio Solution File, Format Version 12.00
# Visual Studio 2012
Project("{FAE04EC0-301F-11D3-BF4B-00C04F79EFBC}") = "24-10-21", "24-10-21\24-10-21.csproj", "{45131712-68B3-4DA5-99F9-7272E4C69361}"
EndProject
Global
	GlobalSection(SolutionConfigurationPlatforms) = preSolution
		Debug|Any CPU = Debug|Any CPU
		Release|Any CPU = Release|Any CPU
	EndGlobalSection
	GlobalSection(ProjectConfigurationPlatforms) = postSolution
		{45131712-68B3-4DA5-99F9-7272E4C69361}.Debug|Any CPU.ActiveCfg = Debug|Any CPU
		{45131712-68B3-4DA5-99F9-7272E4C69361}.Debug|Any CPU.Build.0 = Debug|Any CPU
		{45131712-68B3-4DA5-99F9-7272E4C69361}.Release|Any CPU.ActiveCfg = Release|Any CPU
		{45131712-68B3-4DA5-99F9-7272E4C69361}.Release|Any CPU.Build.0 = Release|Any CPU
	EndGlobalSection
	GlobalSection(SolutionProperties) = preSolution
		HideSolutionNode = FALSE
	EndGlobalSection
EndGlobal
